
Microsoft Visual Studio Solution File, Format Version 12.00
# Visual Studio Version 17
VisualStudioVersion = 17.11.35222.181
MinimumVisualStudioVersion = 10.0.40219.1
Project("{FAE04EC0-301F-11D3-BF4B-00C04F79EFBC}") = "MyFirstProgram, Lab1", "MyFirstProgram, Lab1.csproj", "{14FE97FF-0F58-4441-9DBB-22AD89D1B06B}"
EndProject
Global
	GlobalSection(SolutionConfigurationPlatforms) = preSolution
		Debug|Any CPU = Debug|Any CPU
		Release|Any CPU = Release|Any CPU
	EndGlobalSection
	GlobalSection(ProjectConfigurationPlatforms) = postSolution
		{14FE97FF-0F58-4441-9DBB-22AD89D1B06B}.Debug|Any CPU.ActiveCfg = Debug|Any CPU
		{14FE97FF-0F58-4441-9DBB-22AD89D1B06B}.Debug|Any CPU.Build.0 = Debug|Any CPU
		{14FE97FF-0F58-4441-9DBB-22AD89D1B06B}.Release|Any CPU.ActiveCfg = Release|Any CPU
		{14FE97FF-0F58-4441-9DBB-22AD89D1B06B}.Release|Any CPU.Build.0 = Release|Any CPU
	EndGlobalSection
	GlobalSection(SolutionProperties) = preSolution
		HideSolutionNode = FALSE
	EndGlobalSection
	GlobalSection(ExtensibilityGlobals) = postSolution
		SolutionGuid = {E340ACB2-A393-4E8E-9AC8-2C4933E9C677}
	EndGlobalSection
EndGlobal
